
Microsoft Visual Studio Solution File, Format Version 12.00
# Visual Studio Version 17
VisualStudioVersion = 17.7.34003.232
MinimumVisualStudioVersion = 10.0.40219.1
Project("{FAE04EC0-301F-11D3-BF4B-00C04F79EFBC}") = "ConsoleXO", "ConsoleXO.csproj", "{64D6D8D0-F869-4238-A8DB-3ECE590830FC}"
EndProject
Project("{2150E333-8FDC-42A3-9474-1A3956D46DE8}") = "Solution Items", "Solution Items", "{76C7E720-4EAF-4CDC-8651-2E24ACFEC909}"
	ProjectSection(SolutionItems) = preProject
		.gitignore = .gitignore
	EndProjectSection
EndProject
Global
	GlobalSection(SolutionConfigurationPlatforms) = preSolution
		Debug|Any CPU = Debug|Any CPU
		Release|Any CPU = Release|Any CPU
	EndGlobalSection
	GlobalSection(ProjectConfigurationPlatforms) = postSolution
		{64D6D8D0-F869-4238-A8DB-3ECE590830FC}.Debug|Any CPU.ActiveCfg = Debug|Any CPU
		{64D6D8D0-F869-4238-A8DB-3ECE590830FC}.Debug|Any CPU.Build.0 = Debug|Any CPU
		{64D6D8D0-F869-4238-A8DB-3ECE590830FC}.Release|Any CPU.ActiveCfg = Release|Any CPU
		{64D6D8D0-F869-4238-A8DB-3ECE590830FC}.Release|Any CPU.Build.0 = Release|Any CPU
	EndGlobalSection
	GlobalSection(SolutionProperties) = preSolution
		HideSolutionNode = FALSE
	EndGlobalSection
	GlobalSection(ExtensibilityGlobals) = postSolution
		SolutionGuid = {C3191CDC-A41B-454E-ABEA-1F9B02773037}
	EndGlobalSection
EndGlobal
