
Microsoft Visual Studio Solution File, Format Version 12.00
# Visual Studio Version 17
VisualStudioVersion = 17.7.34221.43
MinimumVisualStudioVersion = 10.0.40219.1
Project("{9A19103F-16F7-4668-BE54-9A1E7A4F7556}") = "WpfGUI", "WpfGUI.csproj", "{D5B597C5-5FFC-4DF1-A05E-47A98CD865A2}"
EndProject
Global
	GlobalSection(SolutionConfigurationPlatforms) = preSolution
		Debug|Any CPU = Debug|Any CPU
		Release|Any CPU = Release|Any CPU
	EndGlobalSection
	GlobalSection(ProjectConfigurationPlatforms) = postSolution
		{D5B597C5-5FFC-4DF1-A05E-47A98CD865A2}.Debug|Any CPU.ActiveCfg = Debug|Any CPU
		{D5B597C5-5FFC-4DF1-A05E-47A98CD865A2}.Debug|Any CPU.Build.0 = Debug|Any CPU
		{D5B597C5-5FFC-4DF1-A05E-47A98CD865A2}.Release|Any CPU.ActiveCfg = Release|Any CPU
		{D5B597C5-5FFC-4DF1-A05E-47A98CD865A2}.Release|Any CPU.Build.0 = Release|Any CPU
	EndGlobalSection
	GlobalSection(SolutionProperties) = preSolution
		HideSolutionNode = FALSE
	EndGlobalSection
	GlobalSection(ExtensibilityGlobals) = postSolution
		SolutionGuid = {C3451436-BB3C-4F52-9A2D-54BFA908960E}
	EndGlobalSection
EndGlobal
